<?xml version="1.0" encoding="utf-8"?>
<Project ToolsVersion="4.0" xmlns="http://schemas.microsoft.com/developer/msbuild/2003">
  <ItemGroup>
    <ClCompile Include="Button.cpp" />
    <ClCompile Include="Game.cpp" />
    <ClCompile Include="GarageScreen.cpp" />
    <ClCompile Include="GUI.cpp" />
    <ClCompile Include="Label.cpp" />
    <ClCompile Include="main.cpp" />
    <ClCompile Include="MainMenu.cpp" />
    <ClCompile Include="OptionsScreen.cpp" />
    <ClCompile Include="playGame.cpp" />
    <ClCompile Include="RadioButton.cpp" />
    <ClCompile Include="Slider.cpp" />
    <ClCompile Include="SoundScreen.cpp" />
    <ClCompile Include="Widget.cpp" />
    <ClCompile Include="XBOX360CONTROLLER.cpp" />
    <ClCompile Include="Help.cpp" />
  </ItemGroup>
  <ItemGroup>
    <ClInclude Include="Button.h" />
    <ClInclude Include="Game.h" />
    <ClInclude Include="GarageScreen.h" />
    <ClInclude Include="GUI.h" />
    <ClInclude Include="Label.h" />
    <ClInclude Include="MainMenu.h" />
    <ClInclude Include="OptionsScreen.h" />
    <ClInclude Include="playGame.h" />
    <ClInclude Include="RadioButton.h" />
    <ClInclude Include="Slider.h" />
    <ClInclude Include="SoundScreen.h" />
    <ClInclude Include="Widget.h" />
    <ClInclude Include="XBOX360CONTROLLER.h" />
    <ClInclude Include="Help.h" />
  </ItemGroup>
</Project>